
Microsoft Visual Studio Solution File, Format Version 12.00
# Visual Studio Version 17
VisualStudioVersion = 17.0.32126.317
MinimumVisualStudioVersion = 10.0.40219.1
Project("{FAE04EC0-301F-11D3-BF4B-00C04F79EFBC}") = "EphoneAPI1", "EphoneAPI1\EphoneAPI1.csproj", "{55074FFB-7D79-4E96-86C6-1B1699787EEF}"
EndProject
Global
	GlobalSection(SolutionConfigurationPlatforms) = preSolution
		Debug|Any CPU = Debug|Any CPU
		Release|Any CPU = Release|Any CPU
	EndGlobalSection
	GlobalSection(ProjectConfigurationPlatforms) = postSolution
		{55074FFB-7D79-4E96-86C6-1B1699787EEF}.Debug|Any CPU.ActiveCfg = Debug|Any CPU
		{55074FFB-7D79-4E96-86C6-1B1699787EEF}.Debug|Any CPU.Build.0 = Debug|Any CPU
		{55074FFB-7D79-4E96-86C6-1B1699787EEF}.Release|Any CPU.ActiveCfg = Release|Any CPU
		{55074FFB-7D79-4E96-86C6-1B1699787EEF}.Release|Any CPU.Build.0 = Release|Any CPU
	EndGlobalSection
	GlobalSection(SolutionProperties) = preSolution
		HideSolutionNode = FALSE
	EndGlobalSection
	GlobalSection(ExtensibilityGlobals) = postSolution
		SolutionGuid = {1DCF1F07-4B3E-4B18-A6C6-21CDA2660E6C}
	EndGlobalSection
EndGlobal
