
Microsoft Visual Studio Solution File, Format Version 12.00
# Visual Studio Version 17
VisualStudioVersion = 17.0.32126.317
MinimumVisualStudioVersion = 10.0.40219.1
Project("{9A19103F-16F7-4668-BE54-9A1E7A4F7556}") = "EPhoneAPI", "EPhoneAPI\EPhoneAPI.csproj", "{44B3B775-84E4-46AD-B622-E248CB8081F1}"
EndProject
Project("{FAE04EC0-301F-11D3-BF4B-00C04F79EFBC}") = "EphoneShopAPI", "EphoneShopAPI\EphoneShopAPI.csproj", "{D021C103-860E-4848-BE94-842736310DAB}"
EndProject
Global
	GlobalSection(SolutionConfigurationPlatforms) = preSolution
		Debug|Any CPU = Debug|Any CPU
		Release|Any CPU = Release|Any CPU
	EndGlobalSection
	GlobalSection(ProjectConfigurationPlatforms) = postSolution
		{44B3B775-84E4-46AD-B622-E248CB8081F1}.Debug|Any CPU.ActiveCfg = Debug|Any CPU
		{44B3B775-84E4-46AD-B622-E248CB8081F1}.Debug|Any CPU.Build.0 = Debug|Any CPU
		{44B3B775-84E4-46AD-B622-E248CB8081F1}.Release|Any CPU.ActiveCfg = Release|Any CPU
		{44B3B775-84E4-46AD-B622-E248CB8081F1}.Release|Any CPU.Build.0 = Release|Any CPU
		{D021C103-860E-4848-BE94-842736310DAB}.Debug|Any CPU.ActiveCfg = Debug|Any CPU
		{D021C103-860E-4848-BE94-842736310DAB}.Debug|Any CPU.Build.0 = Debug|Any CPU
		{D021C103-860E-4848-BE94-842736310DAB}.Release|Any CPU.ActiveCfg = Release|Any CPU
		{D021C103-860E-4848-BE94-842736310DAB}.Release|Any CPU.Build.0 = Release|Any CPU
	EndGlobalSection
	GlobalSection(SolutionProperties) = preSolution
		HideSolutionNode = FALSE
	EndGlobalSection
	GlobalSection(ExtensibilityGlobals) = postSolution
		SolutionGuid = {C40D934B-350D-41AA-82A0-97FF79B24ABB}
	EndGlobalSection
EndGlobal
