
Microsoft Visual Studio Solution File, Format Version 12.00
# Visual Studio Version 16
VisualStudioVersion = 16.0.32106.194
MinimumVisualStudioVersion = 10.0.40219.1
Project("{FAE04EC0-301F-11D3-BF4B-00C04F79EFBC}") = "ephoneshopapi", "ephoneshopapi.csproj", "{24073E74-8430-4CCA-9C93-C665B0D17708}"
EndProject
Global
	GlobalSection(SolutionConfigurationPlatforms) = preSolution
		Debug|Any CPU = Debug|Any CPU
		Release|Any CPU = Release|Any CPU
	EndGlobalSection
	GlobalSection(ProjectConfigurationPlatforms) = postSolution
		{24073E74-8430-4CCA-9C93-C665B0D17708}.Debug|Any CPU.ActiveCfg = Debug|Any CPU
		{24073E74-8430-4CCA-9C93-C665B0D17708}.Debug|Any CPU.Build.0 = Debug|Any CPU
		{24073E74-8430-4CCA-9C93-C665B0D17708}.Release|Any CPU.ActiveCfg = Release|Any CPU
		{24073E74-8430-4CCA-9C93-C665B0D17708}.Release|Any CPU.Build.0 = Release|Any CPU
	EndGlobalSection
	GlobalSection(SolutionProperties) = preSolution
		HideSolutionNode = FALSE
	EndGlobalSection
	GlobalSection(ExtensibilityGlobals) = postSolution
		SolutionGuid = {69350F6A-DEBB-4C62-B1FA-20C01099F16A}
	EndGlobalSection
EndGlobal
